
Microsoft Visual Studio Solution File, Format Version 12.00
# Visual Studio Version 16
VisualStudioVersion = 16.0.30011.22
MinimumVisualStudioVersion = 10.0.40219.1
Project("{9A19103F-16F7-4668-BE54-9A1E7A4F7556}") = "DynamicSnRBoxes", "..\..\Indicators\DynamicSnRBoxes\DynamicSnRBoxes\DynamicSnRBoxes.csproj", "{f9a309f1-d791-49a0-a6b5-66635f0256e9}"
EndProject
Project("{FAE04EC0-301F-11D3-BF4B-00C04F79EFBC}") = "Range Breakout v27 Reverted", "Range Breakout v27 Reverted\Range Breakout v27 Reverted.csproj", "{75e2e386-03a9-403b-b6d4-a7677a539f95}"
EndProject
Global
	GlobalSection(SolutionConfigurationPlatforms) = preSolution
		Debug|Any CPU = Debug|Any CPU
		Release|Any CPU = Release|Any CPU
	EndGlobalSection
	GlobalSection(ProjectConfigurationPlatforms) = postSolution
		{75e2e386-03a9-403b-b6d4-a7677a539f95}.Debug|Any CPU.ActiveCfg = Debug|Any CPU
		{75e2e386-03a9-403b-b6d4-a7677a539f95}.Debug|Any CPU.Build.0 = Debug|Any CPU
		{75e2e386-03a9-403b-b6d4-a7677a539f95}.Release|Any CPU.ActiveCfg = Release|Any CPU
		{75e2e386-03a9-403b-b6d4-a7677a539f95}.Release|Any CPU.Build.0 = Release|Any CPU
	EndGlobalSection
	GlobalSection(SolutionProperties) = preSolution
		HideSolutionNode = FALSE
	EndGlobalSection
EndGlobal

